
Microsoft Visual Studio Solution File, Format Version 12.00
# Visual Studio Version 17
VisualStudioVersion = 17.5.002.0
MinimumVisualStudioVersion = 10.0.40219.1
Project("{9A19103F-16F7-4668-BE54-9A1E7A4F7556}") = "helloC#", "helloC#\helloC#.csproj", "{104259DD-8366-4723-8A93-FEB559DADC87}"
EndProject
Global
	GlobalSection(SolutionConfigurationPlatforms) = preSolution
		Debug|Any CPU = Debug|Any CPU
		Release|Any CPU = Release|Any CPU
	EndGlobalSection
	GlobalSection(ProjectConfigurationPlatforms) = postSolution
		{104259DD-8366-4723-8A93-FEB559DADC87}.Debug|Any CPU.ActiveCfg = Debug|Any CPU
		{104259DD-8366-4723-8A93-FEB559DADC87}.Debug|Any CPU.Build.0 = Debug|Any CPU
		{104259DD-8366-4723-8A93-FEB559DADC87}.Release|Any CPU.ActiveCfg = Release|Any CPU
		{104259DD-8366-4723-8A93-FEB559DADC87}.Release|Any CPU.Build.0 = Release|Any CPU
	EndGlobalSection
	GlobalSection(SolutionProperties) = preSolution
		HideSolutionNode = FALSE
	EndGlobalSection
	GlobalSection(ExtensibilityGlobals) = postSolution
		SolutionGuid = {DB834BCB-A116-4C88-BD5C-0CC902E821E5}
	EndGlobalSection
EndGlobal
